
Microsoft Visual Studio Solution File, Format Version 12.00
Project("{FAE04EC0-301F-11D3-BF4B-00C04F79EFBC}") = "LoadingIndicators.Avalonia", "LoadingIndicators.Avalonia\LoadingIndicators.Avalonia.csproj", "{DB66863F-11DD-4E3A-B92D-76DA502E3BA4}"
EndProject
Global
	GlobalSection(SolutionConfigurationPlatforms) = preSolution
		Debug|Any CPU = Debug|Any CPU
		Release|Any CPU = Release|Any CPU
	EndGlobalSection
	GlobalSection(ProjectConfigurationPlatforms) = postSolution
		{DB66863F-11DD-4E3A-B92D-76DA502E3BA4}.Debug|Any CPU.ActiveCfg = Debug|Any CPU
		{DB66863F-11DD-4E3A-B92D-76DA502E3BA4}.Debug|Any CPU.Build.0 = Debug|Any CPU
		{DB66863F-11DD-4E3A-B92D-76DA502E3BA4}.Release|Any CPU.ActiveCfg = Release|Any CPU
		{DB66863F-11DD-4E3A-B92D-76DA502E3BA4}.Release|Any CPU.Build.0 = Release|Any CPU
	EndGlobalSection
EndGlobal
